# THIS IS AN AUTOGENERATED FILE. DO NOT EDIT THIS FILE DIRECTLY.
# yarn lockfile v1


"@hackclub/theme@^0.1.2":
  version "0.1.2"
  resolved "https://registry.yarnpkg.com/@hackclub/theme/-/theme-0.1.2.tgz#60dcf1a55f71fc3255fa4315ea77928d50d35a7c"
  integrity sha512-LmyU/fPYX5v2hq2k4VeBV1cMxnB8/80LC+NMC3Ftxgu3jZIJpk9EQRStrksDfFGLuYSTFgB+Zqj6X06Z7tEYRQ==

typescript@^3.9.6:
  version "3.9.6"
  resolved "https://registry.yarnpkg.com/typescript/-/typescript-3.9.6.tgz#8f3e0198a34c3ae17091b35571d3afd31999365a"
  integrity sha512-Pspx3oKAPJtjNwE92YS05HQoY7z2SFyOpHo9MqJor3BXAGNaPUs83CuVp9VISFkSjyRfiTpmKuAYGJB7S7hOxw==
